
Microsoft Visual Studio Solution File, Format Version 12.00
# Visual Studio 14
VisualStudioVersion = 14.0.25420.1
MinimumVisualStudioVersion = 10.0.40219.1
Project("{2150E333-8FDC-42A3-9474-1A3956D46DE8}") = "sln", "sln", "{FD10FBDC-0187-457F-B451-1E7B13203863}"
EndProject
Project("{2150E333-8FDC-42A3-9474-1A3956D46DE8}") = "src", "src", "{AB282BC8-5793-4C6C-BFE7-4ABACD70B2F6}"
EndProject
Project("{8BB2217D-0F2D-49D1-97BC-3654ED321F3B}") = "Anat", "src\Anat\Anat.xproj", "{E87B1C18-3021-4634-A124-1F0FFFAFBDE2}"
EndProject
Project("{2150E333-8FDC-42A3-9474-1A3956D46DE8}") = "tests", "tests", "{370D1D74-CC46-4A06-BFA5-15EFA4B65D62}"
EndProject
Project("{8BB2217D-0F2D-49D1-97BC-3654ED321F3B}") = "Anat.Tests", "tests\Anat.Tests\Anat.Tests.xproj", "{B826C5E9-67ED-4B68-B391-513BA23BA684}"
EndProject
Project("{2150E333-8FDC-42A3-9474-1A3956D46DE8}") = "build", "build", "{3CE1FAB7-F711-48FD-8C46-29DA750481DA}"
	ProjectSection(SolutionItems) = preProject
		build.cmd = build.cmd
	EndProjectSection
EndProject
Global
	GlobalSection(SolutionConfigurationPlatforms) = preSolution
		Debug|Any CPU = Debug|Any CPU
		Release|Any CPU = Release|Any CPU
	EndGlobalSection
	GlobalSection(ProjectConfigurationPlatforms) = postSolution
		{E87B1C18-3021-4634-A124-1F0FFFAFBDE2}.Debug|Any CPU.ActiveCfg = Debug|Any CPU
		{E87B1C18-3021-4634-A124-1F0FFFAFBDE2}.Debug|Any CPU.Build.0 = Debug|Any CPU
		{E87B1C18-3021-4634-A124-1F0FFFAFBDE2}.Release|Any CPU.ActiveCfg = Debug|Any CPU
		{E87B1C18-3021-4634-A124-1F0FFFAFBDE2}.Release|Any CPU.Build.0 = Debug|Any CPU
		{B826C5E9-67ED-4B68-B391-513BA23BA684}.Debug|Any CPU.ActiveCfg = Debug|Any CPU
		{B826C5E9-67ED-4B68-B391-513BA23BA684}.Debug|Any CPU.Build.0 = Debug|Any CPU
		{B826C5E9-67ED-4B68-B391-513BA23BA684}.Release|Any CPU.ActiveCfg = Debug|Any CPU
		{B826C5E9-67ED-4B68-B391-513BA23BA684}.Release|Any CPU.Build.0 = Debug|Any CPU
	EndGlobalSection
	GlobalSection(SolutionProperties) = preSolution
		HideSolutionNode = FALSE
	EndGlobalSection
	GlobalSection(NestedProjects) = preSolution
		{E87B1C18-3021-4634-A124-1F0FFFAFBDE2} = {AB282BC8-5793-4C6C-BFE7-4ABACD70B2F6}
		{B826C5E9-67ED-4B68-B391-513BA23BA684} = {370D1D74-CC46-4A06-BFA5-15EFA4B65D62}
		{3CE1FAB7-F711-48FD-8C46-29DA750481DA} = {FD10FBDC-0187-457F-B451-1E7B13203863}
	EndGlobalSection
EndGlobal
